
Microsoft Visual Studio Solution File, Format Version 12.00
# Visual Studio Version 16
VisualStudioVersion = 16.0.29519.181
MinimumVisualStudioVersion = 10.0.40219.1
Project("{FAE04EC0-301F-11D3-BF4B-00C04F79EFBC}") = "lab0_1", "fomenko_oop\lab0_1.csproj", "{2B02EDE8-913F-48A2-B0F5-A0022E8032C6}"
EndProject
Project("{FAE04EC0-301F-11D3-BF4B-00C04F79EFBC}") = "PersonLib", "PersonLib\PersonLib.csproj", "{A4E9573B-6732-4CEA-91BC-DD035B6DFCDF}"
EndProject
Project("{FAE04EC0-301F-11D3-BF4B-00C04F79EFBC}") = "ExternalFilesLib", "ExternalFilesLib\ExternalFilesLib.csproj", "{C52A1DA8-DF52-4C17-AF12-CE9CD2144CD8}"
EndProject
Global
	GlobalSection(SolutionConfigurationPlatforms) = preSolution
		Debug|Any CPU = Debug|Any CPU
		Release|Any CPU = Release|Any CPU
	EndGlobalSection
	GlobalSection(ProjectConfigurationPlatforms) = postSolution
		{2B02EDE8-913F-48A2-B0F5-A0022E8032C6}.Debug|Any CPU.ActiveCfg = Debug|Any CPU
		{2B02EDE8-913F-48A2-B0F5-A0022E8032C6}.Debug|Any CPU.Build.0 = Debug|Any CPU
		{2B02EDE8-913F-48A2-B0F5-A0022E8032C6}.Release|Any CPU.ActiveCfg = Release|Any CPU
		{2B02EDE8-913F-48A2-B0F5-A0022E8032C6}.Release|Any CPU.Build.0 = Release|Any CPU
		{A4E9573B-6732-4CEA-91BC-DD035B6DFCDF}.Debug|Any CPU.ActiveCfg = Debug|Any CPU
		{A4E9573B-6732-4CEA-91BC-DD035B6DFCDF}.Debug|Any CPU.Build.0 = Debug|Any CPU
		{A4E9573B-6732-4CEA-91BC-DD035B6DFCDF}.Release|Any CPU.ActiveCfg = Release|Any CPU
		{A4E9573B-6732-4CEA-91BC-DD035B6DFCDF}.Release|Any CPU.Build.0 = Release|Any CPU
		{C52A1DA8-DF52-4C17-AF12-CE9CD2144CD8}.Debug|Any CPU.ActiveCfg = Debug|Any CPU
		{C52A1DA8-DF52-4C17-AF12-CE9CD2144CD8}.Debug|Any CPU.Build.0 = Debug|Any CPU
		{C52A1DA8-DF52-4C17-AF12-CE9CD2144CD8}.Release|Any CPU.ActiveCfg = Release|Any CPU
		{C52A1DA8-DF52-4C17-AF12-CE9CD2144CD8}.Release|Any CPU.Build.0 = Release|Any CPU
	EndGlobalSection
	GlobalSection(SolutionProperties) = preSolution
		HideSolutionNode = FALSE
	EndGlobalSection
	GlobalSection(ExtensibilityGlobals) = postSolution
		SolutionGuid = {6C26B2D3-F84A-4FAE-AD14-F39B6AF66AD3}
	EndGlobalSection
EndGlobal
